github.com/blacktop/go-termimg v0.1.19 h1:va6O7X9mwBMgVOVUBpgi6R/yG2PVaySvK0pCF7QlCPg=
github.com/blacktop/go-termimg v0.1.19/go.mod h1:7ZEyhqC8hd29qawXcRC0kUU7N8Bmik7NzCkaOB9SEoA=
golang.org/x/sys v0.34.0 h1:H5Y5sJ2L2JRdyv7ROF1he/lPdvFsd0mJHFw2ThKHxLA=
golang.org/x/sys v0.34.0/go.mod h1:BJP2sWEmIv4KK5OTEluFJCKSidICx8ciO85XgH3Ak8k=
golang.org/x/term v0.33.0 h1:NuFncQrRcaRvVmgRkvM3j/F00gWIAlcmlB8ACEKmGIg=
golang.org/x/term v0.33.0/go.mod h1:s18+ql9tYWp1IfpV9DmCtQDDSRBUjKaw9M1eAv5UeF0=
